
Microsoft Visual Studio Solution File, Format Version 12.00
# Visual Studio Version 17
VisualStudioVersion = 17.14.36705.20 d17.14
MinimumVisualStudioVersion = 10.0.40219.1
Project("{8BC9CEB8-8B4A-11D0-8D11-00A0C91BC942}") = "入门4_数组", "入门4_数组.vcxproj", "{4BC46F16-9D44-4615-8AE2-E7E20B137C78}"
EndProject
Global
	GlobalSection(SolutionConfigurationPlatforms) = preSolution
		Debug|x64 = Debug|x64
		Debug|x86 = Debug|x86
		Release|x64 = Release|x64
		Release|x86 = Release|x86
	EndGlobalSection
	GlobalSection(ProjectConfigurationPlatforms) = postSolution
		{4BC46F16-9D44-4615-8AE2-E7E20B137C78}.Debug|x64.ActiveCfg = Debug|x64
		{4BC46F16-9D44-4615-8AE2-E7E20B137C78}.Debug|x64.Build.0 = Debug|x64
		{4BC46F16-9D44-4615-8AE2-E7E20B137C78}.Debug|x86.ActiveCfg = Debug|Win32
		{4BC46F16-9D44-4615-8AE2-E7E20B137C78}.Debug|x86.Build.0 = Debug|Win32
		{4BC46F16-9D44-4615-8AE2-E7E20B137C78}.Release|x64.ActiveCfg = Release|x64
		{4BC46F16-9D44-4615-8AE2-E7E20B137C78}.Release|x64.Build.0 = Release|x64
		{4BC46F16-9D44-4615-8AE2-E7E20B137C78}.Release|x86.ActiveCfg = Release|Win32
		{4BC46F16-9D44-4615-8AE2-E7E20B137C78}.Release|x86.Build.0 = Release|Win32
	EndGlobalSection
	GlobalSection(SolutionProperties) = preSolution
		HideSolutionNode = FALSE
	EndGlobalSection
	GlobalSection(ExtensibilityGlobals) = postSolution
		SolutionGuid = {65F4D21B-7976-4196-A5C1-A223ED250A7E}
	EndGlobalSection
EndGlobal
